// !$*UTF8*$!
{
	archiveVersion = 1;
	classes = {
	};
	objectVersion = 48;
	objects = {

/* Begin PBXBuildFile section */
		67164F7F217E236C00B3F291 /* DescriptionViewController.swift in Sources */ = {isa = PBXBuildFile; fileRef = 67164F7E217E236C00B3F291 /* DescriptionViewController.swift */; };
		67335573214248C500399598 /* ModelsTableViewCell.swift in Sources */ = {isa = PBXBuildFile; fileRef = 67335572214248C500399598 /* ModelsTableViewCell.swift */; };
		674207D9213FD37C006A4E3D /* AppDelegate.swift in Sources */ = {isa = PBXBuildFile; fileRef = 674207D8213FD37C006A4E3D /* AppDelegate.swift */; };
		674207DE213FD37C006A4E3D /* Main.storyboard in Resources */ = {isa = PBXBuildFile; fileRef = 674207DC213FD37C006A4E3D /* Main.storyboard */; };
		674207E0213FD37C006A4E3D /* Assets.xcassets in Resources */ = {isa = PBXBuildFile; fileRef = 674207DF213FD37C006A4E3D /* Assets.xcassets */; };
		674207E3213FD37C006A4E3D /* LaunchScreen.storyboard in Resources */ = {isa = PBXBuildFile; fileRef = 674207E1213FD37C006A4E3D /* LaunchScreen.storyboard */; };
		674207EB213FD4DA006A4E3D /* AviaViewController.swift in Sources */ = {isa = PBXBuildFile; fileRef = 674207EA213FD4DA006A4E3D /* AviaViewController.swift */; };
		674207ED213FD86F006A4E3D /* AviaTransportTableViewCell.swift in Sources */ = {isa = PBXBuildFile; fileRef = 674207EC213FD86F006A4E3D /* AviaTransportTableViewCell.swift */; };
		674DD169214121880066CC5D /* Vehicle.swift in Sources */ = {isa = PBXBuildFile; fileRef = 674DD168214121880066CC5D /* Vehicle.swift */; };
		674DD16B214134DE0066CC5D /* VehicleGenerator.swift in Sources */ = {isa = PBXBuildFile; fileRef = 674DD16A214134DE0066CC5D /* VehicleGenerator.swift */; };
		674DD16D214143960066CC5D /* ModelsViewController.swift in Sources */ = {isa = PBXBuildFile; fileRef = 674DD16C214143960066CC5D /* ModelsViewController.swift */; };
		67FEFFD5216666BD00425435 /* Model.swift in Sources */ = {isa = PBXBuildFile; fileRef = 67FEFFD4216666BD00425435 /* Model.swift */; };
/* End PBXBuildFile section */

/* Begin PBXFileReference section */
		67164F7E217E236C00B3F291 /* DescriptionViewController.swift */ = {isa = PBXFileReference; lastKnownFileType = sourcecode.swift; path = DescriptionViewController.swift; sourceTree = "<group>"; };
		67335572214248C500399598 /* ModelsTableViewCell.swift */ = {isa = PBXFileReference; lastKnownFileType = sourcecode.swift; path = ModelsTableViewCell.swift; sourceTree = "<group>"; };
		674207D5213FD37C006A4E3D /* AviaWiki.app */ = {isa = PBXFileReference; explicitFileType = wrapper.application; includeInIndex = 0; path = AviaWiki.app; sourceTree = BUILT_PRODUCTS_DIR; };
		674207D8213FD37C006A4E3D /* AppDelegate.swift */ = {isa = PBXFileReference; lastKnownFileType = sourcecode.swift; path = AppDelegate.swift; sourceTree = "<group>"; };
		674207DD213FD37C006A4E3D /* Base */ = {isa = PBXFileReference; lastKnownFileType = file.storyboard; name = Base; path = Base.lproj/Main.storyboard; sourceTree = "<group>"; };
		674207DF213FD37C006A4E3D /* Assets.xcassets */ = {isa = PBXFileReference; lastKnownFileType = folder.assetcatalog; path = Assets.xcassets; sourceTree = "<group>"; };
		674207E2213FD37C006A4E3D /* Base */ = {isa = PBXFileReference; lastKnownFileType = file.storyboard; name = Base; path = Base.lproj/LaunchScreen.storyboard; sourceTree = "<group>"; };
		674207E4213FD37C006A4E3D /* Info.plist */ = {isa = PBXFileReference; lastKnownFileType = text.plist.xml; path = Info.plist; sourceTree = "<group>"; };
		674207EA213FD4DA006A4E3D /* AviaViewController.swift */ = {isa = PBXFileReference; lastKnownFileType = sourcecode.swift; path = AviaViewController.swift; sourceTree = "<group>"; };
		674207EC213FD86F006A4E3D /* AviaTransportTableViewCell.swift */ = {isa = PBXFileReference; lastKnownFileType = sourcecode.swift; path = AviaTransportTableViewCell.swift; sourceTree = "<group>"; };
		674DD168214121880066CC5D /* Vehicle.swift */ = {isa = PBXFileReference; lastKnownFileType = sourcecode.swift; path = Vehicle.swift; sourceTree = "<group>"; };
		674DD16A214134DE0066CC5D /* VehicleGenerator.swift */ = {isa = PBXFileReference; lastKnownFileType = sourcecode.swift; path = VehicleGenerator.swift; sourceTree = "<group>"; };
		674DD16C214143960066CC5D /* ModelsViewController.swift */ = {isa = PBXFileReference; lastKnownFileType = sourcecode.swift; path = ModelsViewController.swift; sourceTree = "<group>"; };
		67FEFFD4216666BD00425435 /* Model.swift */ = {isa = PBXFileReference; lastKnownFileType = sourcecode.swift; path = Model.swift; sourceTree = "<group>"; };
/* End PBXFileReference section */

/* Begin PBXFrameworksBuildPhase section */
		674207D2213FD37C006A4E3D /* Frameworks */ = {
			isa = PBXFrameworksBuildPhase;
			buildActionMask = 2147483647;
			files = (
			);
			runOnlyForDeploymentPostprocessing = 0;
		};
/* End PBXFrameworksBuildPhase section */

/* Begin PBXGroup section */
		674207CC213FD37C006A4E3D = {
			isa = PBXGroup;
			children = (
				67E33ADC218095C500DAEAF4 /* Model */,
				67E33ADD218095D400DAEAF4 /* Views */,
				67E33ADE218095DE00DAEAF4 /* Controllers */,
				67E33AE1218097FB00DAEAF4 /* AviaWiki */,
				67E33AE02180978900DAEAF4 /* Supporting files */,
				674207D6213FD37C006A4E3D /* Products */,
			);
			sourceTree = "<group>";
		};
		674207D6213FD37C006A4E3D /* Products */ = {
			isa = PBXGroup;
			children = (
				674207D5213FD37C006A4E3D /* AviaWiki.app */,
			);
			name = Products;
			sourceTree = "<group>";
		};
		67E33ADC218095C500DAEAF4 /* Model */ = {
			isa = PBXGroup;
			children = (
				674DD16A214134DE0066CC5D /* VehicleGenerator.swift */,
				674DD168214121880066CC5D /* Vehicle.swift */,
				67FEFFD4216666BD00425435 /* Model.swift */,
			);
			path = Model;
			sourceTree = "<group>";
		};
		67E33ADD218095D400DAEAF4 /* Views */ = {
			isa = PBXGroup;
			children = (
				674207EC213FD86F006A4E3D /* AviaTransportTableViewCell.swift */,
				67335572214248C500399598 /* ModelsTableViewCell.swift */,
			);
			path = Views;
			sourceTree = "<group>";
		};
		67E33ADE218095DE00DAEAF4 /* Controllers */ = {
			isa = PBXGroup;
			children = (
				674207DC213FD37C006A4E3D /* Main.storyboard */,
				674207EA213FD4DA006A4E3D /* AviaViewController.swift */,
				674DD16C214143960066CC5D /* ModelsViewController.swift */,
				67164F7E217E236C00B3F291 /* DescriptionViewController.swift */,
			);
			path = Controllers;
			sourceTree = "<group>";
		};
		67E33AE02180978900DAEAF4 /* Supporting files */ = {
			isa = PBXGroup;
			children = (
				674207DF213FD37C006A4E3D /* Assets.xcassets */,
				674207D8213FD37C006A4E3D /* AppDelegate.swift */,
				674207E1213FD37C006A4E3D /* LaunchScreen.storyboard */,
			);
			path = "Supporting files";
			sourceTree = "<group>";
		};
		67E33AE1218097FB00DAEAF4 /* AviaWiki */ = {
			isa = PBXGroup;
			children = (
				674207E4213FD37C006A4E3D /* Info.plist */,
			);
			path = AviaWiki;
			sourceTree = "<group>";
		};
/* End PBXGroup section */

/* Begin PBXNativeTarget section */
		674207D4213FD37C006A4E3D /* AviaWiki */ = {
			isa = PBXNativeTarget;
			buildConfigurationList = 674207E7213FD37C006A4E3D /* Build configuration list for PBXNativeTarget "AviaWiki" */;
			buildPhases = (
				674207D1213FD37C006A4E3D /* Sources */,
				674207D2213FD37C006A4E3D /* Frameworks */,
				674207D3213FD37C006A4E3D /* Resources */,
			);
			buildRules = (
			);
			dependencies = (
			);
			name = AviaWiki;
			productName = AviaWiki;
			productReference = 674207D5213FD37C006A4E3D /* AviaWiki.app */;
			productType = "com.apple.product-type.application";
		};
/* End PBXNativeTarget section */

/* Begin PBXProject section */
		674207CD213FD37C006A4E3D /* Project object */ = {
			isa = PBXProject;
			attributes = {
				LastSwiftUpdateCheck = 0920;
				LastUpgradeCheck = 1000;
				ORGANIZATIONNAME = "Андрей Сергиенко";
				TargetAttributes = {
					674207D4213FD37C006A4E3D = {
						CreatedOnToolsVersion = 9.2;
						LastSwiftMigration = 1000;
						ProvisioningStyle = Automatic;
					};
				};
			};
			buildConfigurationList = 674207D0213FD37C006A4E3D /* Build configuration list for PBXProject "AviaWiki" */;
			compatibilityVersion = "Xcode 8.0";
			developmentRegion = en;
			hasScannedForEncodings = 0;
			knownRegions = (
				en,
				Base,
			);
			mainGroup = 674207CC213FD37C006A4E3D;
			productRefGroup = 674207D6213FD37C006A4E3D /* Products */;
			projectDirPath = "";
			projectRoot = "";
			targets = (
				674207D4213FD37C006A4E3D /* AviaWiki */,
			);
		};
/* End PBXProject section */

/* Begin PBXResourcesBuildPhase section */
		674207D3213FD37C006A4E3D /* Resources */ = {
			isa = PBXResourcesBuildPhase;
			buildActionMask = 2147483647;
			files = (
				674207E3213FD37C006A4E3D /* LaunchScreen.storyboard in Resources */,
				674207E0213FD37C006A4E3D /* Assets.xcassets in Resources */,
				674207DE213FD37C006A4E3D /* Main.storyboard in Resources */,
			);
			runOnlyForDeploymentPostprocessing = 0;
		};
/* End PBXResourcesBuildPhase section */

/* Begin PBXSourcesBuildPhase section */
		674207D1213FD37C006A4E3D /* Sources */ = {
			isa = PBXSourcesBuildPhase;
			buildActionMask = 2147483647;
			files = (
				674DD169214121880066CC5D /* Vehicle.swift in Sources */,
				674207D9213FD37C006A4E3D /* AppDelegate.swift in Sources */,
				674DD16D214143960066CC5D /* ModelsViewController.swift in Sources */,
				674207EB213FD4DA006A4E3D /* AviaViewController.swift in Sources */,
				67335573214248C500399598 /* ModelsTableViewCell.swift in Sources */,
				674207ED213FD86F006A4E3D /* AviaTransportTableViewCell.swift in Sources */,
				67164F7F217E236C00B3F291 /* DescriptionViewController.swift in Sources */,
				674DD16B214134DE0066CC5D /* VehicleGenerator.swift in Sources */,
				67FEFFD5216666BD00425435 /* Model.swift in Sources */,
			);
			runOnlyForDeploymentPostprocessing = 0;
		};
/* End PBXSourcesBuildPhase section */

/* Begin PBXVariantGroup section */
		674207DC213FD37C006A4E3D /* Main.storyboard */ = {
			isa = PBXVariantGroup;
			children = (
				674207DD213FD37C006A4E3D /* Base */,
			);
			name = Main.storyboard;
			sourceTree = "<group>";
		};
		674207E1213FD37C006A4E3D /* LaunchScreen.storyboard */ = {
			isa = PBXVariantGroup;
			children = (
				674207E2213FD37C006A4E3D /* Base */,
			);
			name = LaunchScreen.storyboard;
			sourceTree = "<group>";
		};
/* End PBXVariantGroup section */

/* Begin XCBuildConfiguration section */
		674207E5213FD37C006A4E3D /* Debug */ = {
			isa = XCBuildConfiguration;
			buildSettings = {
				ALWAYS_SEARCH_USER_PATHS = NO;
				CLANG_ANALYZER_NONNULL = YES;
				CLANG_ANALYZER_NUMBER_OBJECT_CONVERSION = YES_AGGRESSIVE;
				CLANG_CXX_LANGUAGE_STANDARD = "gnu++14";
				CLANG_CXX_LIBRARY = "libc++";
				CLANG_ENABLE_MODULES = YES;
				CLANG_ENABLE_OBJC_ARC = YES;
				CLANG_WARN_BLOCK_CAPTURE_AUTORELEASING = YES;
				CLANG_WARN_BOOL_CONVERSION = YES;
				CLANG_WARN_COMMA = YES;
				CLANG_WARN_CONSTANT_CONVERSION = YES;
				CLANG_WARN_DEPRECATED_OBJC_IMPLEMENTATIONS = YES;
				CLANG_WARN_DIRECT_OBJC_ISA_USAGE = YES_ERROR;
				CLANG_WARN_DOCUMENTATION_COMMENTS = YES;
				CLANG_WARN_EMPTY_BODY = YES;
				CLANG_WARN_ENUM_CONVERSION = YES;
				CLANG_WARN_INFINITE_RECURSION = YES;
				CLANG_WARN_INT_CONVERSION = YES;
				CLANG_WARN_NON_LITERAL_NULL_CONVERSION = YES;
				CLANG_WARN_OBJC_IMPLICIT_RETAIN_SELF = YES;
				CLANG_WARN_OBJC_LITERAL_CONVERSION = YES;
				CLANG_WARN_OBJC_ROOT_CLASS = YES_ERROR;
				CLANG_WARN_RANGE_LOOP_ANALYSIS = YES;
				CLANG_WARN_STRICT_PROTOTYPES = YES;
				CLANG_WARN_SUSPICIOUS_MOVE = YES;
				CLANG_WARN_UNGUARDED_AVAILABILITY = YES_AGGRESSIVE;
				CLANG_WARN_UNREACHABLE_CODE = YES;
				CLANG_WARN__DUPLICATE_METHOD_MATCH = YES;
				CODE_SIGN_IDENTITY = "iPhone Developer";
				COPY_PHASE_STRIP = NO;
				DEBUG_INFORMATION_FORMAT = dwarf;
				ENABLE_STRICT_OBJC_MSGSEND = YES;
				ENABLE_TESTABILITY = YES;
				GCC_C_LANGUAGE_STANDARD = gnu11;
				GCC_DYNAMIC_NO_PIC = NO;
				GCC_NO_COMMON_BLOCKS = YES;
				GCC_OPTIMIZATION_LEVEL = 0;
				GCC_PREPROCESSOR_DEFINITIONS = (
					"DEBUG=1",
					"$(inherited)",
				);
				GCC_WARN_64_TO_32_BIT_CONVERSION = YES;
				GCC_WARN_ABOUT_RETURN_TYPE = YES_ERROR;
				GCC_WARN_UNDECLARED_SELECTOR = YES;
				GCC_WARN_UNINITIALIZED_AUTOS = YES_AGGRESSIVE;
				GCC_WARN_UNUSED_FUNCTION = YES;
				GCC_WARN_UNUSED_VARIABLE = YES;
				IPHONEOS_DEPLOYMENT_TARGET = 11.2;
				MTL_ENABLE_DEBUG_INFO = YES;
				ONLY_ACTIVE_ARCH = YES;
				SDKROOT = iphoneos;
				SWIFT_ACTIVE_COMPILATION_CONDITIONS = DEBUG;
				SWIFT_OPTIMIZATION_LEVEL = "-Onone";
			};
			name = Debug;
		};
		674207E6213FD37C006A4E3D /* Release */ = {
			isa = XCBuildConfiguration;
			buildSettings = {
				ALWAYS_SEARCH_USER_PATHS = NO;
				CLANG_ANALYZER_NONNULL = YES;
				CLANG_ANALYZER_NUMBER_OBJECT_CONVERSION = YES_AGGRESSIVE;
				CLANG_CXX_LANGUAGE_STANDARD = "gnu++14";
				CLANG_CXX_LIBRARY = "libc++";
				CLANG_ENABLE_MODULES = YES;
				CLANG_ENABLE_OBJC_ARC = YES;
				CLANG_WARN_BLOCK_CAPTURE_AUTORELEASING = YES;
				CLANG_WARN_BOOL_CONVERSION = YES;
				CLANG_WARN_COMMA = YES;
				CLANG_WARN_CONSTANT_CONVERSION = YES;
				CLANG_WARN_DEPRECATED_OBJC_IMPLEMENTATIONS = YES;
				CLANG_WARN_DIRECT_OBJC_ISA_USAGE = YES_ERROR;
				CLANG_WARN_DOCUMENTATION_COMMENTS = YES;
				CLANG_WARN_EMPTY_BODY = YES;
				CLANG_WARN_ENUM_CONVERSION = YES;
				CLANG_WARN_INFINITE_RECURSION = YES;
				CLANG_WARN_INT_CONVERSION = YES;
				CLANG_WARN_NON_LITERAL_NULL_CONVERSION = YES;
				CLANG_WARN_OBJC_IMPLICIT_RETAIN_SELF = YES;
				CLANG_WARN_OBJC_LITERAL_CONVERSION = YES;
				CLANG_WARN_OBJC_ROOT_CLASS = YES_ERROR;
				CLANG_WARN_RANGE_LOOP_ANALYSIS = YES;
				CLANG_WARN_STRICT_PROTOTYPES = YES;
				CLANG_WARN_SUSPICIOUS_MOVE = YES;
				CLANG_WARN_UNGUARDED_AVAILABILITY = YES_AGGRESSIVE;
				CLANG_WARN_UNREACHABLE_CODE = YES;
				CLANG_WARN__DUPLICATE_METHOD_MATCH = YES;
				CODE_SIGN_IDENTITY = "iPhone Developer";
				COPY_PHASE_STRIP = NO;
				DEBUG_INFORMATION_FORMAT = "dwarf-with-dsym";
				ENABLE_NS_ASSERTIONS = NO;
				ENABLE_STRICT_OBJC_MSGSEND = YES;
				GCC_C_LANGUAGE_STANDARD = gnu11;
				GCC_NO_COMMON_BLOCKS = YES;
				GCC_WARN_64_TO_32_BIT_CONVERSION = YES;
				GCC_WARN_ABOUT_RETURN_TYPE = YES_ERROR;
				GCC_WARN_UNDECLARED_SELECTOR = YES;
				GCC_WARN_UNINITIALIZED_AUTOS = YES_AGGRESSIVE;
				GCC_WARN_UNUSED_FUNCTION = YES;
				GCC_WARN_UNUSED_VARIABLE = YES;
				IPHONEOS_DEPLOYMENT_TARGET = 11.2;
				MTL_ENABLE_DEBUG_INFO = NO;
				SDKROOT = iphoneos;
				SWIFT_OPTIMIZATION_LEVEL = "-Owholemodule";
				VALIDATE_PRODUCT = YES;
			};
			name = Release;
		};
		674207E8213FD37C006A4E3D /* Debug */ = {
			isa = XCBuildConfiguration;
			buildSettings = {
				ASSETCATALOG_COMPILER_APPICON_NAME = AppIcon;
				CODE_SIGN_STYLE = Automatic;
				INFOPLIST_FILE = AviaWiki/Info.plist;
				LD_RUNPATH_SEARCH_PATHS = "$(inherited) @executable_path/Frameworks";
				PRODUCT_BUNDLE_IDENTIFIER = andreysergienko.AviaWiki;
				PRODUCT_NAME = "$(TARGET_NAME)";
				SWIFT_VERSION = 4.2;
				TARGETED_DEVICE_FAMILY = "1,2";
			};
			name = Debug;
		};
		674207E9213FD37C006A4E3D /* Release */ = {
			isa = XCBuildConfiguration;
			buildSettings = {
				ASSETCATALOG_COMPILER_APPICON_NAME = AppIcon;
				CODE_SIGN_STYLE = Automatic;
				INFOPLIST_FILE = AviaWiki/Info.plist;
				LD_RUNPATH_SEARCH_PATHS = "$(inherited) @executable_path/Frameworks";
				PRODUCT_BUNDLE_IDENTIFIER = andreysergienko.AviaWiki;
				PRODUCT_NAME = "$(TARGET_NAME)";
				SWIFT_VERSION = 4.2;
				TARGETED_DEVICE_FAMILY = "1,2";
			};
			name = Release;
		};
/* End XCBuildConfiguration section */

/* Begin XCConfigurationList section */
		674207D0213FD37C006A4E3D /* Build configuration list for PBXProject "AviaWiki" */ = {
			isa = XCConfigurationList;
			buildConfigurations = (
				674207E5213FD37C006A4E3D /* Debug */,
				674207E6213FD37C006A4E3D /* Release */,
			);
			defaultConfigurationIsVisible = 0;
			defaultConfigurationName = Release;
		};
		674207E7213FD37C006A4E3D /* Build configuration list for PBXNativeTarget "AviaWiki" */ = {
			isa = XCConfigurationList;
			buildConfigurations = (
				674207E8213FD37C006A4E3D /* Debug */,
				674207E9213FD37C006A4E3D /* Release */,
			);
			defaultConfigurationIsVisible = 0;
			defaultConfigurationName = Release;
		};
/* End XCConfigurationList section */
	};
	rootObject = 674207CD213FD37C006A4E3D /* Project object */;
}
